// !$*UTF8*$!
{
	archiveVersion = 1;
	classes = {
	};
	objectVersion = 56;
	objects = {

/* Begin PBXBuildFile section */
		4E0AEFAE2A7315C700D8760F /* CellCordinator.swift in Sources */ = {isa = PBXBuildFile; fileRef = 4E0AEFAD2A7315C700D8760F /* CellCordinator.swift */; };
		4E0AEFB22A7329B500D8760F /* HorizontalCollectionCell.swift in Sources */ = {isa = PBXBuildFile; fileRef = 4E0AEFB12A7329B500D8760F /* HorizontalCollectionCell.swift */; };
		4E0AEFB42A7329EF00D8760F /* GetStartedTableCell.swift in Sources */ = {isa = PBXBuildFile; fileRef = 4E0AEFB32A7329EF00D8760F /* GetStartedTableCell.swift */; };
		4E0AEFB62A73519B00D8760F /* MockViewController.swift in Sources */ = {isa = PBXBuildFile; fileRef = 4E0AEFB52A73519B00D8760F /* MockViewController.swift */; };
		4E0AEFCC2A73595A00D8760F /* Roboto-Medium.ttf in Resources */ = {isa = PBXBuildFile; fileRef = 4E0AEFB92A73595A00D8760F /* Roboto-Medium.ttf */; };
		4E0AEFCD2A73595A00D8760F /* Roboto-Light.ttf in Resources */ = {isa = PBXBuildFile; fileRef = 4E0AEFBA2A73595A00D8760F /* Roboto-Light.ttf */; };
		4E0AEFCE2A73595A00D8760F /* RobotoCondensed-Bold.ttf in Resources */ = {isa = PBXBuildFile; fileRef = 4E0AEFBB2A73595A00D8760F /* RobotoCondensed-Bold.ttf */; };
		4E0AEFCF2A73595A00D8760F /* RobotoCondensed-Light.ttf in Resources */ = {isa = PBXBuildFile; fileRef = 4E0AEFBC2A73595A00D8760F /* RobotoCondensed-Light.ttf */; };
		4E0AEFD02A73595A00D8760F /* Roboto-Regular.ttf in Resources */ = {isa = PBXBuildFile; fileRef = 4E0AEFBD2A73595A00D8760F /* Roboto-Regular.ttf */; };
		4E0AEFD12A73595A00D8760F /* Roboto-MediumItalic.ttf in Resources */ = {isa = PBXBuildFile; fileRef = 4E0AEFBE2A73595A00D8760F /* Roboto-MediumItalic.ttf */; };
		4E0AEFD22A73595A00D8760F /* RobotoCondensed-Italic.ttf in Resources */ = {isa = PBXBuildFile; fileRef = 4E0AEFBF2A73595A00D8760F /* RobotoCondensed-Italic.ttf */; };
		4E0AEFD32A73595A00D8760F /* RobotoCondensed-BoldItalic.ttf in Resources */ = {isa = PBXBuildFile; fileRef = 4E0AEFC02A73595A00D8760F /* RobotoCondensed-BoldItalic.ttf */; };
		4E0AEFD42A73595A00D8760F /* Apache License.txt in Resources */ = {isa = PBXBuildFile; fileRef = 4E0AEFC12A73595A00D8760F /* Apache License.txt */; };
		4E0AEFD52A73595A00D8760F /* RobotoCondensed-LightItalic.ttf in Resources */ = {isa = PBXBuildFile; fileRef = 4E0AEFC22A73595A00D8760F /* RobotoCondensed-LightItalic.ttf */; };
		4E0AEFD62A73595A00D8760F /* Roboto-ThinItalic.ttf in Resources */ = {isa = PBXBuildFile; fileRef = 4E0AEFC32A73595A00D8760F /* Roboto-ThinItalic.ttf */; };
		4E0AEFD72A73595A00D8760F /* RobotoCondensed-Regular.ttf in Resources */ = {isa = PBXBuildFile; fileRef = 4E0AEFC42A73595A00D8760F /* RobotoCondensed-Regular.ttf */; };
		4E0AEFD82A73595A00D8760F /* Roboto-BoldItalic.ttf in Resources */ = {isa = PBXBuildFile; fileRef = 4E0AEFC52A73595A00D8760F /* Roboto-BoldItalic.ttf */; };
		4E0AEFD92A73595A00D8760F /* Roboto-LightItalic.ttf in Resources */ = {isa = PBXBuildFile; fileRef = 4E0AEFC62A73595A00D8760F /* Roboto-LightItalic.ttf */; };
		4E0AEFDA2A73595A00D8760F /* Roboto-Italic.ttf in Resources */ = {isa = PBXBuildFile; fileRef = 4E0AEFC72A73595A00D8760F /* Roboto-Italic.ttf */; };
		4E0AEFDB2A73595A00D8760F /* Roboto-BlackItalic.ttf in Resources */ = {isa = PBXBuildFile; fileRef = 4E0AEFC82A73595A00D8760F /* Roboto-BlackItalic.ttf */; };
		4E0AEFDC2A73595A00D8760F /* Roboto-Bold.ttf in Resources */ = {isa = PBXBuildFile; fileRef = 4E0AEFC92A73595A00D8760F /* Roboto-Bold.ttf */; };
		4E0AEFDD2A73595A00D8760F /* Roboto-Thin.ttf in Resources */ = {isa = PBXBuildFile; fileRef = 4E0AEFCA2A73595A00D8760F /* Roboto-Thin.ttf */; };
		4E0AEFDE2A73595A00D8760F /* Roboto-Black.ttf in Resources */ = {isa = PBXBuildFile; fileRef = 4E0AEFCB2A73595A00D8760F /* Roboto-Black.ttf */; };
		4E0AEFE12A735B8700D8760F /* Helper.swift in Sources */ = {isa = PBXBuildFile; fileRef = 4E0AEFE02A735B8700D8760F /* Helper.swift */; };
		4E0AEFE32A73BF6900D8760F /* SecondHorizontalTableCell.swift in Sources */ = {isa = PBXBuildFile; fileRef = 4E0AEFE22A73BF6900D8760F /* SecondHorizontalTableCell.swift */; };
		4E2FA53B2A769FC70005CCAD /* VerticalCollectionCell.swift in Sources */ = {isa = PBXBuildFile; fileRef = 4E2FA53A2A769FC70005CCAD /* VerticalCollectionCell.swift */; };
		4E2FA53D2A76A50D0005CCAD /* VerticalCollectionTabelCell.swift in Sources */ = {isa = PBXBuildFile; fileRef = 4E2FA53C2A76A50D0005CCAD /* VerticalCollectionTabelCell.swift */; };
		4E2FA5402A76BE430005CCAD /* UserDefaults.swift in Sources */ = {isa = PBXBuildFile; fileRef = 4E2FA53F2A76BE430005CCAD /* UserDefaults.swift */; };
		4E2FA5432A76D6D50005CCAD /* Alamofire in Frameworks */ = {isa = PBXBuildFile; productRef = 4E2FA5422A76D6D50005CCAD /* Alamofire */; };
		4E2FA5462A76D7060005CCAD /* ServiceManager.swift in Sources */ = {isa = PBXBuildFile; fileRef = 4E2FA5452A76D7060005CCAD /* ServiceManager.swift */; };
		4E2FA5482A76D72A0005CCAD /* ApiCaller.swift in Sources */ = {isa = PBXBuildFile; fileRef = 4E2FA5472A76D72A0005CCAD /* ApiCaller.swift */; };
		4E2FA54A2A76D74C0005CCAD /* Service.swift in Sources */ = {isa = PBXBuildFile; fileRef = 4E2FA5492A76D74C0005CCAD /* Service.swift */; };
		4E2FA54C2A76D9910005CCAD /* ProdcutModel.swift in Sources */ = {isa = PBXBuildFile; fileRef = 4E2FA54B2A76D9910005CCAD /* ProdcutModel.swift */; };
		4E3D874C2A7103DD00BD7AF7 /* AppDelegate.swift in Sources */ = {isa = PBXBuildFile; fileRef = 4E3D874B2A7103DD00BD7AF7 /* AppDelegate.swift */; };
		4E3D874E2A7103DD00BD7AF7 /* SceneDelegate.swift in Sources */ = {isa = PBXBuildFile; fileRef = 4E3D874D2A7103DD00BD7AF7 /* SceneDelegate.swift */; };
		4E3D87502A7103DD00BD7AF7 /* LoginViewController.swift in Sources */ = {isa = PBXBuildFile; fileRef = 4E3D874F2A7103DD00BD7AF7 /* LoginViewController.swift */; };
		4E3D87532A7103DD00BD7AF7 /* Main.storyboard in Resources */ = {isa = PBXBuildFile; fileRef = 4E3D87512A7103DD00BD7AF7 /* Main.storyboard */; };
		4E3D87552A7103DE00BD7AF7 /* Assets.xcassets in Resources */ = {isa = PBXBuildFile; fileRef = 4E3D87542A7103DE00BD7AF7 /* Assets.xcassets */; };
		4E3D87582A7103DE00BD7AF7 /* LaunchScreen.storyboard in Resources */ = {isa = PBXBuildFile; fileRef = 4E3D87562A7103DE00BD7AF7 /* LaunchScreen.storyboard */; };
		4E3D87632A7103DE00BD7AF7 /* DefineXTests.swift in Sources */ = {isa = PBXBuildFile; fileRef = 4E3D87622A7103DE00BD7AF7 /* DefineXTests.swift */; };
		4E3D876D2A7103DE00BD7AF7 /* DefineXUITests.swift in Sources */ = {isa = PBXBuildFile; fileRef = 4E3D876C2A7103DE00BD7AF7 /* DefineXUITests.swift */; };
		4E3D876F2A7103DE00BD7AF7 /* DefineXUITestsLaunchTests.swift in Sources */ = {isa = PBXBuildFile; fileRef = 4E3D876E2A7103DE00BD7AF7 /* DefineXUITestsLaunchTests.swift */; };
		4E3D87822A7104D500BD7AF7 /* LoginViewModel.swift in Sources */ = {isa = PBXBuildFile; fileRef = 4E3D87812A7104D500BD7AF7 /* LoginViewModel.swift */; };
		4E6C02252A71137E00AD8CB1 /* SnapKit in Frameworks */ = {isa = PBXBuildFile; productRef = 4E6C02242A71137E00AD8CB1 /* SnapKit */; };
		4E6C02282A71150600AD8CB1 /* SkyFloatingLabelTextField in Frameworks */ = {isa = PBXBuildFile; productRef = 4E6C02272A71150600AD8CB1 /* SkyFloatingLabelTextField */; };
		4E6C022D2A711FE300AD8CB1 /* Bindable.swift in Sources */ = {isa = PBXBuildFile; fileRef = 4E6C022C2A711FE300AD8CB1 /* Bindable.swift */; };
		4E6C02302A7122C500AD8CB1 /* Extensions.swift in Sources */ = {isa = PBXBuildFile; fileRef = 4E6C022F2A7122C500AD8CB1 /* Extensions.swift */; };
		4EBC08042A72767A00C5AE28 /* TabBarController.swift in Sources */ = {isa = PBXBuildFile; fileRef = 4EBC08032A72767A00C5AE28 /* TabBarController.swift */; };
		4EBC08062A727A1A00C5AE28 /* LoginRouter.swift in Sources */ = {isa = PBXBuildFile; fileRef = 4EBC08052A727A1A00C5AE28 /* LoginRouter.swift */; };
		4EBC08082A72E31200C5AE28 /* DiscoverViewController.swift in Sources */ = {isa = PBXBuildFile; fileRef = 4EBC08072A72E31200C5AE28 /* DiscoverViewController.swift */; };
		4EBC080D2A72E51000C5AE28 /* DiscoverViewModel.swift in Sources */ = {isa = PBXBuildFile; fileRef = 4EBC080C2A72E51000C5AE28 /* DiscoverViewModel.swift */; };
		4EE62B222A76E500000DF763 /* LoginResponse.swift in Sources */ = {isa = PBXBuildFile; fileRef = 4EE62B212A76E500000DF763 /* LoginResponse.swift */; };
		4EFB77962A772F09003EB35B /* SDWebImage in Frameworks */ = {isa = PBXBuildFile; productRef = 4EFB77952A772F09003EB35B /* SDWebImage */; };
/* End PBXBuildFile section */

/* Begin PBXContainerItemProxy section */
		4E3D875F2A7103DE00BD7AF7 /* PBXContainerItemProxy */ = {
			isa = PBXContainerItemProxy;
			containerPortal = 4E3D87402A7103DD00BD7AF7 /* Project object */;
			proxyType = 1;
			remoteGlobalIDString = 4E3D87472A7103DD00BD7AF7;
			remoteInfo = DefineX;
		};
		4E3D87692A7103DE00BD7AF7 /* PBXContainerItemProxy */ = {
			isa = PBXContainerItemProxy;
			containerPortal = 4E3D87402A7103DD00BD7AF7 /* Project object */;
			proxyType = 1;
			remoteGlobalIDString = 4E3D87472A7103DD00BD7AF7;
			remoteInfo = DefineX;
		};
/* End PBXContainerItemProxy section */

/* Begin PBXFileReference section */
		4E0AEFAD2A7315C700D8760F /* CellCordinator.swift */ = {isa = PBXFileReference; lastKnownFileType = sourcecode.swift; path = CellCordinator.swift; sourceTree = "<group>"; };
		4E0AEFB12A7329B500D8760F /* HorizontalCollectionCell.swift */ = {isa = PBXFileReference; lastKnownFileType = sourcecode.swift; path = HorizontalCollectionCell.swift; sourceTree = "<group>"; };
		4E0AEFB32A7329EF00D8760F /* GetStartedTableCell.swift */ = {isa = PBXFileReference; lastKnownFileType = sourcecode.swift; path = GetStartedTableCell.swift; sourceTree = "<group>"; };
		4E0AEFB52A73519B00D8760F /* MockViewController.swift */ = {isa = PBXFileReference; lastKnownFileType = sourcecode.swift; path = MockViewController.swift; sourceTree = "<group>"; };
		4E0AEFB92A73595A00D8760F /* Roboto-Medium.ttf */ = {isa = PBXFileReference; lastKnownFileType = file; path = "Roboto-Medium.ttf"; sourceTree = "<group>"; };
		4E0AEFBA2A73595A00D8760F /* Roboto-Light.ttf */ = {isa = PBXFileReference; lastKnownFileType = file; path = "Roboto-Light.ttf"; sourceTree = "<group>"; };
		4E0AEFBB2A73595A00D8760F /* RobotoCondensed-Bold.ttf */ = {isa = PBXFileReference; lastKnownFileType = file; path = "RobotoCondensed-Bold.ttf"; sourceTree = "<group>"; };
		4E0AEFBC2A73595A00D8760F /* RobotoCondensed-Light.ttf */ = {isa = PBXFileReference; lastKnownFileType = file; path = "RobotoCondensed-Light.ttf"; sourceTree = "<group>"; };
		4E0AEFBD2A73595A00D8760F /* Roboto-Regular.ttf */ = {isa = PBXFileReference; lastKnownFileType = file; path = "Roboto-Regular.ttf"; sourceTree = "<group>"; };
		4E0AEFBE2A73595A00D8760F /* Roboto-MediumItalic.ttf */ = {isa = PBXFileReference; lastKnownFileType = file; path = "Roboto-MediumItalic.ttf"; sourceTree = "<group>"; };
		4E0AEFBF2A73595A00D8760F /* RobotoCondensed-Italic.ttf */ = {isa = PBXFileReference; lastKnownFileType = file; path = "RobotoCondensed-Italic.ttf"; sourceTree = "<group>"; };
		4E0AEFC02A73595A00D8760F /* RobotoCondensed-BoldItalic.ttf */ = {isa = PBXFileReference; lastKnownFileType = file; path = "RobotoCondensed-BoldItalic.ttf"; sourceTree = "<group>"; };
		4E0AEFC12A73595A00D8760F /* Apache License.txt */ = {isa = PBXFileReference; fileEncoding = 4; lastKnownFileType = text; path = "Apache License.txt"; sourceTree = "<group>"; };
		4E0AEFC22A73595A00D8760F /* RobotoCondensed-LightItalic.ttf */ = {isa = PBXFileReference; lastKnownFileType = file; path = "RobotoCondensed-LightItalic.ttf"; sourceTree = "<group>"; };
		4E0AEFC32A73595A00D8760F /* Roboto-ThinItalic.ttf */ = {isa = PBXFileReference; lastKnownFileType = file; path = "Roboto-ThinItalic.ttf"; sourceTree = "<group>"; };
		4E0AEFC42A73595A00D8760F /* RobotoCondensed-Regular.ttf */ = {isa = PBXFileReference; lastKnownFileType = file; path = "RobotoCondensed-Regular.ttf"; sourceTree = "<group>"; };
		4E0AEFC52A73595A00D8760F /* Roboto-BoldItalic.ttf */ = {isa = PBXFileReference; lastKnownFileType = file; path = "Roboto-BoldItalic.ttf"; sourceTree = "<group>"; };
		4E0AEFC62A73595A00D8760F /* Roboto-LightItalic.ttf */ = {isa = PBXFileReference; lastKnownFileType = file; path = "Roboto-LightItalic.ttf"; sourceTree = "<group>"; };
		4E0AEFC72A73595A00D8760F /* Roboto-Italic.ttf */ = {isa = PBXFileReference; lastKnownFileType = file; path = "Roboto-Italic.ttf"; sourceTree = "<group>"; };
		4E0AEFC82A73595A00D8760F /* Roboto-BlackItalic.ttf */ = {isa = PBXFileReference; lastKnownFileType = file; path = "Roboto-BlackItalic.ttf"; sourceTree = "<group>"; };
		4E0AEFC92A73595A00D8760F /* Roboto-Bold.ttf */ = {isa = PBXFileReference; lastKnownFileType = file; path = "Roboto-Bold.ttf"; sourceTree = "<group>"; };
		4E0AEFCA2A73595A00D8760F /* Roboto-Thin.ttf */ = {isa = PBXFileReference; lastKnownFileType = file; path = "Roboto-Thin.ttf"; sourceTree = "<group>"; };
		4E0AEFCB2A73595A00D8760F /* Roboto-Black.ttf */ = {isa = PBXFileReference; lastKnownFileType = file; path = "Roboto-Black.ttf"; sourceTree = "<group>"; };
		4E0AEFE02A735B8700D8760F /* Helper.swift */ = {isa = PBXFileReference; lastKnownFileType = sourcecode.swift; path = Helper.swift; sourceTree = "<group>"; };
		4E0AEFE22A73BF6900D8760F /* SecondHorizontalTableCell.swift */ = {isa = PBXFileReference; lastKnownFileType = sourcecode.swift; path = SecondHorizontalTableCell.swift; sourceTree = "<group>"; };
		4E2FA53A2A769FC70005CCAD /* VerticalCollectionCell.swift */ = {isa = PBXFileReference; lastKnownFileType = sourcecode.swift; path = VerticalCollectionCell.swift; sourceTree = "<group>"; };
		4E2FA53C2A76A50D0005CCAD /* VerticalCollectionTabelCell.swift */ = {isa = PBXFileReference; lastKnownFileType = sourcecode.swift; path = VerticalCollectionTabelCell.swift; sourceTree = "<group>"; };
		4E2FA53F2A76BE430005CCAD /* UserDefaults.swift */ = {isa = PBXFileReference; lastKnownFileType = sourcecode.swift; path = UserDefaults.swift; sourceTree = "<group>"; };
		4E2FA5452A76D7060005CCAD /* ServiceManager.swift */ = {isa = PBXFileReference; lastKnownFileType = sourcecode.swift; path = ServiceManager.swift; sourceTree = "<group>"; };
		4E2FA5472A76D72A0005CCAD /* ApiCaller.swift */ = {isa = PBXFileReference; lastKnownFileType = sourcecode.swift; path = ApiCaller.swift; sourceTree = "<group>"; };
		4E2FA5492A76D74C0005CCAD /* Service.swift */ = {isa = PBXFileReference; lastKnownFileType = sourcecode.swift; path = Service.swift; sourceTree = "<group>"; };
		4E2FA54B2A76D9910005CCAD /* ProdcutModel.swift */ = {isa = PBXFileReference; lastKnownFileType = sourcecode.swift; path = ProdcutModel.swift; sourceTree = "<group>"; };
		4E3D87482A7103DD00BD7AF7 /* DefineX.app */ = {isa = PBXFileReference; explicitFileType = wrapper.application; includeInIndex = 0; path = DefineX.app; sourceTree = BUILT_PRODUCTS_DIR; };
		4E3D874B2A7103DD00BD7AF7 /* AppDelegate.swift */ = {isa = PBXFileReference; lastKnownFileType = sourcecode.swift; path = AppDelegate.swift; sourceTree = "<group>"; };
		4E3D874D2A7103DD00BD7AF7 /* SceneDelegate.swift */ = {isa = PBXFileReference; lastKnownFileType = sourcecode.swift; path = SceneDelegate.swift; sourceTree = "<group>"; };
		4E3D874F2A7103DD00BD7AF7 /* LoginViewController.swift */ = {isa = PBXFileReference; lastKnownFileType = sourcecode.swift; path = LoginViewController.swift; sourceTree = "<group>"; };
		4E3D87522A7103DD00BD7AF7 /* Base */ = {isa = PBXFileReference; lastKnownFileType = file.storyboard; name = Base; path = Base.lproj/Main.storyboard; sourceTree = "<group>"; };
		4E3D87542A7103DE00BD7AF7 /* Assets.xcassets */ = {isa = PBXFileReference; lastKnownFileType = folder.assetcatalog; path = Assets.xcassets; sourceTree = "<group>"; };
		4E3D87572A7103DE00BD7AF7 /* Base */ = {isa = PBXFileReference; lastKnownFileType = file.storyboard; name = Base; path = Base.lproj/LaunchScreen.storyboard; sourceTree = "<group>"; };
		4E3D87592A7103DE00BD7AF7 /* Info.plist */ = {isa = PBXFileReference; lastKnownFileType = text.plist.xml; path = Info.plist; sourceTree = "<group>"; };
		4E3D875E2A7103DE00BD7AF7 /* DefineXTests.xctest */ = {isa = PBXFileReference; explicitFileType = wrapper.cfbundle; includeInIndex = 0; path = DefineXTests.xctest; sourceTree = BUILT_PRODUCTS_DIR; };
		4E3D87622A7103DE00BD7AF7 /* DefineXTests.swift */ = {isa = PBXFileReference; lastKnownFileType = sourcecode.swift; path = DefineXTests.swift; sourceTree = "<group>"; };
		4E3D87682A7103DE00BD7AF7 /* DefineXUITests.xctest */ = {isa = PBXFileReference; explicitFileType = wrapper.cfbundle; includeInIndex = 0; path = DefineXUITests.xctest; sourceTree = BUILT_PRODUCTS_DIR; };
		4E3D876C2A7103DE00BD7AF7 /* DefineXUITests.swift */ = {isa = PBXFileReference; lastKnownFileType = sourcecode.swift; path = DefineXUITests.swift; sourceTree = "<group>"; };
		4E3D876E2A7103DE00BD7AF7 /* DefineXUITestsLaunchTests.swift */ = {isa = PBXFileReference; lastKnownFileType = sourcecode.swift; path = DefineXUITestsLaunchTests.swift; sourceTree = "<group>"; };
		4E3D87812A7104D500BD7AF7 /* LoginViewModel.swift */ = {isa = PBXFileReference; lastKnownFileType = sourcecode.swift; path = LoginViewModel.swift; sourceTree = "<group>"; };
		4E6C022C2A711FE300AD8CB1 /* Bindable.swift */ = {isa = PBXFileReference; lastKnownFileType = sourcecode.swift; path = Bindable.swift; sourceTree = "<group>"; };
		4E6C022F2A7122C500AD8CB1 /* Extensions.swift */ = {isa = PBXFileReference; lastKnownFileType = sourcecode.swift; path = Extensions.swift; sourceTree = "<group>"; };
		4EBC08032A72767A00C5AE28 /* TabBarController.swift */ = {isa = PBXFileReference; lastKnownFileType = sourcecode.swift; path = TabBarController.swift; sourceTree = "<group>"; };
		4EBC08052A727A1A00C5AE28 /* LoginRouter.swift */ = {isa = PBXFileReference; lastKnownFileType = sourcecode.swift; path = LoginRouter.swift; sourceTree = "<group>"; };
		4EBC08072A72E31200C5AE28 /* DiscoverViewController.swift */ = {isa = PBXFileReference; lastKnownFileType = sourcecode.swift; path = DiscoverViewController.swift; sourceTree = "<group>"; };
		4EBC080C2A72E51000C5AE28 /* DiscoverViewModel.swift */ = {isa = PBXFileReference; lastKnownFileType = sourcecode.swift; path = DiscoverViewModel.swift; sourceTree = "<group>"; };
		4EE62B212A76E500000DF763 /* LoginResponse.swift */ = {isa = PBXFileReference; lastKnownFileType = sourcecode.swift; path = LoginResponse.swift; sourceTree = "<group>"; };
/* End PBXFileReference section */

/* Begin PBXFrameworksBuildPhase section */
		4E3D87452A7103DD00BD7AF7 /* Frameworks */ = {
			isa = PBXFrameworksBuildPhase;
			buildActionMask = 2147483647;
			files = (
				4E2FA5432A76D6D50005CCAD /* Alamofire in Frameworks */,
				4E6C02252A71137E00AD8CB1 /* SnapKit in Frameworks */,
				4EFB77962A772F09003EB35B /* SDWebImage in Frameworks */,
				4E6C02282A71150600AD8CB1 /* SkyFloatingLabelTextField in Frameworks */,
			);
			runOnlyForDeploymentPostprocessing = 0;
		};
		4E3D875B2A7103DE00BD7AF7 /* Frameworks */ = {
			isa = PBXFrameworksBuildPhase;
			buildActionMask = 2147483647;
			files = (
			);
			runOnlyForDeploymentPostprocessing = 0;
		};
		4E3D87652A7103DE00BD7AF7 /* Frameworks */ = {
			isa = PBXFrameworksBuildPhase;
			buildActionMask = 2147483647;
			files = (
			);
			runOnlyForDeploymentPostprocessing = 0;
		};
/* End PBXFrameworksBuildPhase section */

/* Begin PBXGroup section */
		4E0AEFAF2A73234A00D8760F /* CollectionCells */ = {
			isa = PBXGroup;
			children = (
				4E0AEFB12A7329B500D8760F /* HorizontalCollectionCell.swift */,
				4E2FA53A2A769FC70005CCAD /* VerticalCollectionCell.swift */,
			);
			path = CollectionCells;
			sourceTree = "<group>";
		};
		4E0AEFB02A73235B00D8760F /* TableCell */ = {
			isa = PBXGroup;
			children = (
				4E0AEFB32A7329EF00D8760F /* GetStartedTableCell.swift */,
				4E0AEFE22A73BF6900D8760F /* SecondHorizontalTableCell.swift */,
				4E2FA53C2A76A50D0005CCAD /* VerticalCollectionTabelCell.swift */,
			);
			path = TableCell;
			sourceTree = "<group>";
		};
		4E0AEFB72A73594200D8760F /* Resources */ = {
			isa = PBXGroup;
			children = (
				4E0AEFB82A73595A00D8760F /* roboto */,
			);
			path = Resources;
			sourceTree = "<group>";
		};
		4E0AEFB82A73595A00D8760F /* roboto */ = {
			isa = PBXGroup;
			children = (
				4E0AEFB92A73595A00D8760F /* Roboto-Medium.ttf */,
				4E0AEFBA2A73595A00D8760F /* Roboto-Light.ttf */,
				4E0AEFBB2A73595A00D8760F /* RobotoCondensed-Bold.ttf */,
				4E0AEFBC2A73595A00D8760F /* RobotoCondensed-Light.ttf */,
				4E0AEFBD2A73595A00D8760F /* Roboto-Regular.ttf */,
				4E0AEFBE2A73595A00D8760F /* Roboto-MediumItalic.ttf */,
				4E0AEFBF2A73595A00D8760F /* RobotoCondensed-Italic.ttf */,
				4E0AEFC02A73595A00D8760F /* RobotoCondensed-BoldItalic.ttf */,
				4E0AEFC12A73595A00D8760F /* Apache License.txt */,
				4E0AEFC22A73595A00D8760F /* RobotoCondensed-LightItalic.ttf */,
				4E0AEFC32A73595A00D8760F /* Roboto-ThinItalic.ttf */,
				4E0AEFC42A73595A00D8760F /* RobotoCondensed-Regular.ttf */,
				4E0AEFC52A73595A00D8760F /* Roboto-BoldItalic.ttf */,
				4E0AEFC62A73595A00D8760F /* Roboto-LightItalic.ttf */,
				4E0AEFC72A73595A00D8760F /* Roboto-Italic.ttf */,
				4E0AEFC82A73595A00D8760F /* Roboto-BlackItalic.ttf */,
				4E0AEFC92A73595A00D8760F /* Roboto-Bold.ttf */,
				4E0AEFCA2A73595A00D8760F /* Roboto-Thin.ttf */,
				4E0AEFCB2A73595A00D8760F /* Roboto-Black.ttf */,
			);
			name = roboto;
			path = ../../../../../../Downloads/roboto;
			sourceTree = "<group>";
		};
		4E0AEFDF2A735B7D00D8760F /* Helper */ = {
			isa = PBXGroup;
			children = (
				4E0AEFE02A735B8700D8760F /* Helper.swift */,
			);
			path = Helper;
			sourceTree = "<group>";
		};
		4E2FA53E2A76BE320005CCAD /* UserDefaultsUtility */ = {
			isa = PBXGroup;
			children = (
				4E2FA53F2A76BE430005CCAD /* UserDefaults.swift */,
			);
			path = UserDefaultsUtility;
			sourceTree = "<group>";
		};
		4E2FA5442A76D6E90005CCAD /* Network */ = {
			isa = PBXGroup;
			children = (
				4E2FA5452A76D7060005CCAD /* ServiceManager.swift */,
				4E2FA5472A76D72A0005CCAD /* ApiCaller.swift */,
				4E2FA5492A76D74C0005CCAD /* Service.swift */,
			);
			path = Network;
			sourceTree = "<group>";
		};
		4E3D873F2A7103DD00BD7AF7 = {
			isa = PBXGroup;
			children = (
				4E3D874A2A7103DD00BD7AF7 /* DefineX */,
				4E3D87612A7103DE00BD7AF7 /* DefineXTests */,
				4E3D876B2A7103DE00BD7AF7 /* DefineXUITests */,
				4E3D87492A7103DD00BD7AF7 /* Products */,
			);
			sourceTree = "<group>";
		};
		4E3D87492A7103DD00BD7AF7 /* Products */ = {
			isa = PBXGroup;
			children = (
				4E3D87482A7103DD00BD7AF7 /* DefineX.app */,
				4E3D875E2A7103DE00BD7AF7 /* DefineXTests.xctest */,
				4E3D87682A7103DE00BD7AF7 /* DefineXUITests.xctest */,
			);
			name = Products;
			sourceTree = "<group>";
		};
		4E3D874A2A7103DD00BD7AF7 /* DefineX */ = {
			isa = PBXGroup;
			children = (
				4E3D877B2A71041900BD7AF7 /* Models */,
				4E3D877D2A71045900BD7AF7 /* OnBoarding */,
				4E3D877C2A71042C00BD7AF7 /* Scene */,
				4E6C02292A711F8F00AD8CB1 /* Base */,
				4E3D874B2A7103DD00BD7AF7 /* AppDelegate.swift */,
				4E3D874D2A7103DD00BD7AF7 /* SceneDelegate.swift */,
				4E3D87512A7103DD00BD7AF7 /* Main.storyboard */,
				4E3D87542A7103DE00BD7AF7 /* Assets.xcassets */,
				4E3D87562A7103DE00BD7AF7 /* LaunchScreen.storyboard */,
				4E3D87592A7103DE00BD7AF7 /* Info.plist */,
			);
			path = DefineX;
			sourceTree = "<group>";
		};
		4E3D87612A7103DE00BD7AF7 /* DefineXTests */ = {
			isa = PBXGroup;
			children = (
				4E3D87622A7103DE00BD7AF7 /* DefineXTests.swift */,
			);
			path = DefineXTests;
			sourceTree = "<group>";
		};
		4E3D876B2A7103DE00BD7AF7 /* DefineXUITests */ = {
			isa = PBXGroup;
			children = (
				4E3D876C2A7103DE00BD7AF7 /* DefineXUITests.swift */,
				4E3D876E2A7103DE00BD7AF7 /* DefineXUITestsLaunchTests.swift */,
			);
			path = DefineXUITests;
			sourceTree = "<group>";
		};
		4E3D877B2A71041900BD7AF7 /* Models */ = {
			isa = PBXGroup;
			children = (
				4E2FA54B2A76D9910005CCAD /* ProdcutModel.swift */,
				4EE62B212A76E500000DF763 /* LoginResponse.swift */,
			);
			path = Models;
			sourceTree = "<group>";
		};
		4E3D877C2A71042C00BD7AF7 /* Scene */ = {
			isa = PBXGroup;
			children = (
				4EBC080B2A72E4F300C5AE28 /* DiscoverScene */,
			);
			path = Scene;
			sourceTree = "<group>";
		};
		4E3D877D2A71045900BD7AF7 /* OnBoarding */ = {
			isa = PBXGroup;
			children = (
				4E3D877E2A71046600BD7AF7 /* View */,
				4E3D877F2A71046C00BD7AF7 /* ViewModel */,
				4E3D87802A71049C00BD7AF7 /* Router */,
			);
			path = OnBoarding;
			sourceTree = "<group>";
		};
		4E3D877E2A71046600BD7AF7 /* View */ = {
			isa = PBXGroup;
			children = (
				4E3D874F2A7103DD00BD7AF7 /* LoginViewController.swift */,
			);
			path = View;
			sourceTree = "<group>";
		};
		4E3D877F2A71046C00BD7AF7 /* ViewModel */ = {
			isa = PBXGroup;
			children = (
				4E3D87812A7104D500BD7AF7 /* LoginViewModel.swift */,
			);
			path = ViewModel;
			sourceTree = "<group>";
		};
		4E3D87802A71049C00BD7AF7 /* Router */ = {
			isa = PBXGroup;
			children = (
				4EBC08052A727A1A00C5AE28 /* LoginRouter.swift */,
			);
			path = Router;
			sourceTree = "<group>";
		};
		4E6C02292A711F8F00AD8CB1 /* Base */ = {
			isa = PBXGroup;
			children = (
				4E2FA5442A76D6E90005CCAD /* Network */,
				4EBC08022A72766900C5AE28 /* TabBarController */,
				4E6C022B2A711FD600AD8CB1 /* Shared */,
			);
			path = Base;
			sourceTree = "<group>";
		};
		4E6C022A2A711F9400AD8CB1 /* Bindable */ = {
			isa = PBXGroup;
			children = (
				4E6C022C2A711FE300AD8CB1 /* Bindable.swift */,
			);
			path = Bindable;
			sourceTree = "<group>";
		};
		4E6C022B2A711FD600AD8CB1 /* Shared */ = {
			isa = PBXGroup;
			children = (
				4E2FA53E2A76BE320005CCAD /* UserDefaultsUtility */,
				4E0AEFDF2A735B7D00D8760F /* Helper */,
				4E0AEFB72A73594200D8760F /* Resources */,
				4E6C022E2A7122BB00AD8CB1 /* Extensions */,
				4E6C022A2A711F9400AD8CB1 /* Bindable */,
			);
			path = Shared;
			sourceTree = "<group>";
		};
		4E6C022E2A7122BB00AD8CB1 /* Extensions */ = {
			isa = PBXGroup;
			children = (
				4E6C022F2A7122C500AD8CB1 /* Extensions.swift */,
			);
			path = Extensions;
			sourceTree = "<group>";
		};
		4EBC08022A72766900C5AE28 /* TabBarController */ = {
			isa = PBXGroup;
			children = (
				4EBC08032A72767A00C5AE28 /* TabBarController.swift */,
				4E0AEFB52A73519B00D8760F /* MockViewController.swift */,
			);
			path = TabBarController;
			sourceTree = "<group>";
		};
		4EBC08092A72E49C00C5AE28 /* View */ = {
			isa = PBXGroup;
			children = (
				4EBC08072A72E31200C5AE28 /* DiscoverViewController.swift */,
				4E0AEFB02A73235B00D8760F /* TableCell */,
				4E0AEFAF2A73234A00D8760F /* CollectionCells */,
			);
			path = View;
			sourceTree = "<group>";
		};
		4EBC080A2A72E4A500C5AE28 /* ViewModel */ = {
			isa = PBXGroup;
			children = (
				4EBC080C2A72E51000C5AE28 /* DiscoverViewModel.swift */,
				4E0AEFAD2A7315C700D8760F /* CellCordinator.swift */,
			);
			path = ViewModel;
			sourceTree = "<group>";
		};
		4EBC080B2A72E4F300C5AE28 /* DiscoverScene */ = {
			isa = PBXGroup;
			children = (
				4EBC08092A72E49C00C5AE28 /* View */,
				4EBC080A2A72E4A500C5AE28 /* ViewModel */,
			);
			path = DiscoverScene;
			sourceTree = "<group>";
		};
/* End PBXGroup section */

/* Begin PBXNativeTarget section */
		4E3D87472A7103DD00BD7AF7 /* DefineX */ = {
			isa = PBXNativeTarget;
			buildConfigurationList = 4E3D87722A7103DE00BD7AF7 /* Build configuration list for PBXNativeTarget "DefineX" */;
			buildPhases = (
				4E3D87442A7103DD00BD7AF7 /* Sources */,
				4E3D87452A7103DD00BD7AF7 /* Frameworks */,
				4E3D87462A7103DD00BD7AF7 /* Resources */,
			);
			buildRules = (
			);
			dependencies = (
			);
			name = DefineX;
			packageProductDependencies = (
				4E6C02242A71137E00AD8CB1 /* SnapKit */,
				4E6C02272A71150600AD8CB1 /* SkyFloatingLabelTextField */,
				4E2FA5422A76D6D50005CCAD /* Alamofire */,
				4EFB77952A772F09003EB35B /* SDWebImage */,
			);
			productName = DefineX;
			productReference = 4E3D87482A7103DD00BD7AF7 /* DefineX.app */;
			productType = "com.apple.product-type.application";
		};
		4E3D875D2A7103DE00BD7AF7 /* DefineXTests */ = {
			isa = PBXNativeTarget;
			buildConfigurationList = 4E3D87752A7103DE00BD7AF7 /* Build configuration list for PBXNativeTarget "DefineXTests" */;
			buildPhases = (
				4E3D875A2A7103DE00BD7AF7 /* Sources */,
				4E3D875B2A7103DE00BD7AF7 /* Frameworks */,
				4E3D875C2A7103DE00BD7AF7 /* Resources */,
			);
			buildRules = (
			);
			dependencies = (
				4E3D87602A7103DE00BD7AF7 /* PBXTargetDependency */,
			);
			name = DefineXTests;
			productName = DefineXTests;
			productReference = 4E3D875E2A7103DE00BD7AF7 /* DefineXTests.xctest */;
			productType = "com.apple.product-type.bundle.unit-test";
		};
		4E3D87672A7103DE00BD7AF7 /* DefineXUITests */ = {
			isa = PBXNativeTarget;
			buildConfigurationList = 4E3D87782A7103DE00BD7AF7 /* Build configuration list for PBXNativeTarget "DefineXUITests" */;
			buildPhases = (
				4E3D87642A7103DE00BD7AF7 /* Sources */,
				4E3D87652A7103DE00BD7AF7 /* Frameworks */,
				4E3D87662A7103DE00BD7AF7 /* Resources */,
			);
			buildRules = (
			);
			dependencies = (
				4E3D876A2A7103DE00BD7AF7 /* PBXTargetDependency */,
			);
			name = DefineXUITests;
			productName = DefineXUITests;
			productReference = 4E3D87682A7103DE00BD7AF7 /* DefineXUITests.xctest */;
			productType = "com.apple.product-type.bundle.ui-testing";
		};
/* End PBXNativeTarget section */

/* Begin PBXProject section */
		4E3D87402A7103DD00BD7AF7 /* Project object */ = {
			isa = PBXProject;
			attributes = {
				BuildIndependentTargetsInParallel = 1;
				LastSwiftUpdateCheck = 1430;
				LastUpgradeCheck = 1430;
				TargetAttributes = {
					4E3D87472A7103DD00BD7AF7 = {
						CreatedOnToolsVersion = 14.3.1;
					};
					4E3D875D2A7103DE00BD7AF7 = {
						CreatedOnToolsVersion = 14.3.1;
						TestTargetID = 4E3D87472A7103DD00BD7AF7;
					};
					4E3D87672A7103DE00BD7AF7 = {
						CreatedOnToolsVersion = 14.3.1;
						TestTargetID = 4E3D87472A7103DD00BD7AF7;
					};
				};
			};
			buildConfigurationList = 4E3D87432A7103DD00BD7AF7 /* Build configuration list for PBXProject "DefineX" */;
			compatibilityVersion = "Xcode 14.0";
			developmentRegion = en;
			hasScannedForEncodings = 0;
			knownRegions = (
				en,
				Base,
			);
			mainGroup = 4E3D873F2A7103DD00BD7AF7;
			packageReferences = (
				4E6C02232A71137E00AD8CB1 /* XCRemoteSwiftPackageReference "SnapKit" */,
				4E6C02262A71150600AD8CB1 /* XCRemoteSwiftPackageReference "SkyFloatingLabelTextField" */,
				4E2FA5412A76D6D50005CCAD /* XCRemoteSwiftPackageReference "Alamofire" */,
				4EFB77942A772F09003EB35B /* XCRemoteSwiftPackageReference "SDWebImage" */,
			);
			productRefGroup = 4E3D87492A7103DD00BD7AF7 /* Products */;
			projectDirPath = "";
			projectRoot = "";
			targets = (
				4E3D87472A7103DD00BD7AF7 /* DefineX */,
				4E3D875D2A7103DE00BD7AF7 /* DefineXTests */,
				4E3D87672A7103DE00BD7AF7 /* DefineXUITests */,
			);
		};
/* End PBXProject section */

/* Begin PBXResourcesBuildPhase section */
		4E3D87462A7103DD00BD7AF7 /* Resources */ = {
			isa = PBXResourcesBuildPhase;
			buildActionMask = 2147483647;
			files = (
				4E0AEFCE2A73595A00D8760F /* RobotoCondensed-Bold.ttf in Resources */,
				4E0AEFDA2A73595A00D8760F /* Roboto-Italic.ttf in Resources */,
				4E0AEFDC2A73595A00D8760F /* Roboto-Bold.ttf in Resources */,
				4E0AEFD42A73595A00D8760F /* Apache License.txt in Resources */,
				4E0AEFCC2A73595A00D8760F /* Roboto-Medium.ttf in Resources */,
				4E0AEFDE2A73595A00D8760F /* Roboto-Black.ttf in Resources */,
				4E0AEFD72A73595A00D8760F /* RobotoCondensed-Regular.ttf in Resources */,
				4E0AEFD02A73595A00D8760F /* Roboto-Regular.ttf in Resources */,
				4E0AEFD52A73595A00D8760F /* RobotoCondensed-LightItalic.ttf in Resources */,
				4E3D87582A7103DE00BD7AF7 /* LaunchScreen.storyboard in Resources */,
				4E0AEFDB2A73595A00D8760F /* Roboto-BlackItalic.ttf in Resources */,
				4E0AEFCD2A73595A00D8760F /* Roboto-Light.ttf in Resources */,
				4E0AEFCF2A73595A00D8760F /* RobotoCondensed-Light.ttf in Resources */,
				4E3D87552A7103DE00BD7AF7 /* Assets.xcassets in Resources */,
				4E0AEFD82A73595A00D8760F /* Roboto-BoldItalic.ttf in Resources */,
				4E0AEFDD2A73595A00D8760F /* Roboto-Thin.ttf in Resources */,
				4E0AEFD92A73595A00D8760F /* Roboto-LightItalic.ttf in Resources */,
				4E0AEFD32A73595A00D8760F /* RobotoCondensed-BoldItalic.ttf in Resources */,
				4E0AEFD62A73595A00D8760F /* Roboto-ThinItalic.ttf in Resources */,
				4E0AEFD12A73595A00D8760F /* Roboto-MediumItalic.ttf in Resources */,
				4E3D87532A7103DD00BD7AF7 /* Main.storyboard in Resources */,
				4E0AEFD22A73595A00D8760F /* RobotoCondensed-Italic.ttf in Resources */,
			);
			runOnlyForDeploymentPostprocessing = 0;
		};
		4E3D875C2A7103DE00BD7AF7 /* Resources */ = {
			isa = PBXResourcesBuildPhase;
			buildActionMask = 2147483647;
			files = (
			);
			runOnlyForDeploymentPostprocessing = 0;
		};
		4E3D87662A7103DE00BD7AF7 /* Resources */ = {
			isa = PBXResourcesBuildPhase;
			buildActionMask = 2147483647;
			files = (
			);
			runOnlyForDeploymentPostprocessing = 0;
		};
/* End PBXResourcesBuildPhase section */

/* Begin PBXSourcesBuildPhase section */
		4E3D87442A7103DD00BD7AF7 /* Sources */ = {
			isa = PBXSourcesBuildPhase;
			buildActionMask = 2147483647;
			files = (
				4E2FA53B2A769FC70005CCAD /* VerticalCollectionCell.swift in Sources */,
				4EBC08082A72E31200C5AE28 /* DiscoverViewController.swift in Sources */,
				4E0AEFAE2A7315C700D8760F /* CellCordinator.swift in Sources */,
				4E6C022D2A711FE300AD8CB1 /* Bindable.swift in Sources */,
				4E6C02302A7122C500AD8CB1 /* Extensions.swift in Sources */,
				4E2FA54C2A76D9910005CCAD /* ProdcutModel.swift in Sources */,
				4E0AEFB42A7329EF00D8760F /* GetStartedTableCell.swift in Sources */,
				4E0AEFB22A7329B500D8760F /* HorizontalCollectionCell.swift in Sources */,
				4E3D87822A7104D500BD7AF7 /* LoginViewModel.swift in Sources */,
				4E3D87502A7103DD00BD7AF7 /* LoginViewController.swift in Sources */,
				4E0AEFE32A73BF6900D8760F /* SecondHorizontalTableCell.swift in Sources */,
				4EBC08042A72767A00C5AE28 /* TabBarController.swift in Sources */,
				4E3D874C2A7103DD00BD7AF7 /* AppDelegate.swift in Sources */,
				4E0AEFB62A73519B00D8760F /* MockViewController.swift in Sources */,
				4EE62B222A76E500000DF763 /* LoginResponse.swift in Sources */,
				4E2FA5402A76BE430005CCAD /* UserDefaults.swift in Sources */,
				4EBC080D2A72E51000C5AE28 /* DiscoverViewModel.swift in Sources */,
				4E2FA53D2A76A50D0005CCAD /* VerticalCollectionTabelCell.swift in Sources */,
				4E2FA5482A76D72A0005CCAD /* ApiCaller.swift in Sources */,
				4EBC08062A727A1A00C5AE28 /* LoginRouter.swift in Sources */,
				4E0AEFE12A735B8700D8760F /* Helper.swift in Sources */,
				4E2FA54A2A76D74C0005CCAD /* Service.swift in Sources */,
				4E3D874E2A7103DD00BD7AF7 /* SceneDelegate.swift in Sources */,
				4E2FA5462A76D7060005CCAD /* ServiceManager.swift in Sources */,
			);
			runOnlyForDeploymentPostprocessing = 0;
		};
		4E3D875A2A7103DE00BD7AF7 /* Sources */ = {
			isa = PBXSourcesBuildPhase;
			buildActionMask = 2147483647;
			files = (
				4E3D87632A7103DE00BD7AF7 /* DefineXTests.swift in Sources */,
			);
			runOnlyForDeploymentPostprocessing = 0;
		};
		4E3D87642A7103DE00BD7AF7 /* Sources */ = {
			isa = PBXSourcesBuildPhase;
			buildActionMask = 2147483647;
			files = (
				4E3D876F2A7103DE00BD7AF7 /* DefineXUITestsLaunchTests.swift in Sources */,
				4E3D876D2A7103DE00BD7AF7 /* DefineXUITests.swift in Sources */,
			);
			runOnlyForDeploymentPostprocessing = 0;
		};
/* End PBXSourcesBuildPhase section */

/* Begin PBXTargetDependency section */
		4E3D87602A7103DE00BD7AF7 /* PBXTargetDependency */ = {
			isa = PBXTargetDependency;
			target = 4E3D87472A7103DD00BD7AF7 /* DefineX */;
			targetProxy = 4E3D875F2A7103DE00BD7AF7 /* PBXContainerItemProxy */;
		};
		4E3D876A2A7103DE00BD7AF7 /* PBXTargetDependency */ = {
			isa = PBXTargetDependency;
			target = 4E3D87472A7103DD00BD7AF7 /* DefineX */;
			targetProxy = 4E3D87692A7103DE00BD7AF7 /* PBXContainerItemProxy */;
		};
/* End PBXTargetDependency section */

/* Begin PBXVariantGroup section */
		4E3D87512A7103DD00BD7AF7 /* Main.storyboard */ = {
			isa = PBXVariantGroup;
			children = (
				4E3D87522A7103DD00BD7AF7 /* Base */,
			);
			name = Main.storyboard;
			sourceTree = "<group>";
		};
		4E3D87562A7103DE00BD7AF7 /* LaunchScreen.storyboard */ = {
			isa = PBXVariantGroup;
			children = (
				4E3D87572A7103DE00BD7AF7 /* Base */,
			);
			name = LaunchScreen.storyboard;
			sourceTree = "<group>";
		};
/* End PBXVariantGroup section */

/* Begin XCBuildConfiguration section */
		4E3D87702A7103DE00BD7AF7 /* Debug */ = {
			isa = XCBuildConfiguration;
			buildSettings = {
				ALWAYS_SEARCH_USER_PATHS = NO;
				CLANG_ANALYZER_NONNULL = YES;
				CLANG_ANALYZER_NUMBER_OBJECT_CONVERSION = YES_AGGRESSIVE;
				CLANG_CXX_LANGUAGE_STANDARD = "gnu++20";
				CLANG_ENABLE_MODULES = YES;
				CLANG_ENABLE_OBJC_ARC = YES;
				CLANG_ENABLE_OBJC_WEAK = YES;
				CLANG_WARN_BLOCK_CAPTURE_AUTORELEASING = YES;
				CLANG_WARN_BOOL_CONVERSION = YES;
				CLANG_WARN_COMMA = YES;
				CLANG_WARN_CONSTANT_CONVERSION = YES;
				CLANG_WARN_DEPRECATED_OBJC_IMPLEMENTATIONS = YES;
				CLANG_WARN_DIRECT_OBJC_ISA_USAGE = YES_ERROR;
				CLANG_WARN_DOCUMENTATION_COMMENTS = YES;
				CLANG_WARN_EMPTY_BODY = YES;
				CLANG_WARN_ENUM_CONVERSION = YES;
				CLANG_WARN_INFINITE_RECURSION = YES;
				CLANG_WARN_INT_CONVERSION = YES;
				CLANG_WARN_NON_LITERAL_NULL_CONVERSION = YES;
				CLANG_WARN_OBJC_IMPLICIT_RETAIN_SELF = YES;
				CLANG_WARN_OBJC_LITERAL_CONVERSION = YES;
				CLANG_WARN_OBJC_ROOT_CLASS = YES_ERROR;
				CLANG_WARN_QUOTED_INCLUDE_IN_FRAMEWORK_HEADER = YES;
				CLANG_WARN_RANGE_LOOP_ANALYSIS = YES;
				CLANG_WARN_STRICT_PROTOTYPES = YES;
				CLANG_WARN_SUSPICIOUS_MOVE = YES;
				CLANG_WARN_UNGUARDED_AVAILABILITY = YES_AGGRESSIVE;
				CLANG_WARN_UNREACHABLE_CODE = YES;
				CLANG_WARN__DUPLICATE_METHOD_MATCH = YES;
				COPY_PHASE_STRIP = NO;
				DEBUG_INFORMATION_FORMAT = dwarf;
				ENABLE_STRICT_OBJC_MSGSEND = YES;
				ENABLE_TESTABILITY = YES;
				GCC_C_LANGUAGE_STANDARD = gnu11;
				GCC_DYNAMIC_NO_PIC = NO;
				GCC_NO_COMMON_BLOCKS = YES;
				GCC_OPTIMIZATION_LEVEL = 0;
				GCC_PREPROCESSOR_DEFINITIONS = (
					"DEBUG=1",
					"$(inherited)",
				);
				GCC_WARN_64_TO_32_BIT_CONVERSION = YES;
				GCC_WARN_ABOUT_RETURN_TYPE = YES_ERROR;
				GCC_WARN_UNDECLARED_SELECTOR = YES;
				GCC_WARN_UNINITIALIZED_AUTOS = YES_AGGRESSIVE;
				GCC_WARN_UNUSED_FUNCTION = YES;
				GCC_WARN_UNUSED_VARIABLE = YES;
				IPHONEOS_DEPLOYMENT_TARGET = 16.4;
				MTL_ENABLE_DEBUG_INFO = INCLUDE_SOURCE;
				MTL_FAST_MATH = YES;
				ONLY_ACTIVE_ARCH = YES;
				SDKROOT = iphoneos;
				SWIFT_ACTIVE_COMPILATION_CONDITIONS = DEBUG;
				SWIFT_OPTIMIZATION_LEVEL = "-Onone";
			};
			name = Debug;
		};
		4E3D87712A7103DE00BD7AF7 /* Release */ = {
			isa = XCBuildConfiguration;
			buildSettings = {
				ALWAYS_SEARCH_USER_PATHS = NO;
				CLANG_ANALYZER_NONNULL = YES;
				CLANG_ANALYZER_NUMBER_OBJECT_CONVERSION = YES_AGGRESSIVE;
				CLANG_CXX_LANGUAGE_STANDARD = "gnu++20";
				CLANG_ENABLE_MODULES = YES;
				CLANG_ENABLE_OBJC_ARC = YES;
				CLANG_ENABLE_OBJC_WEAK = YES;
				CLANG_WARN_BLOCK_CAPTURE_AUTORELEASING = YES;
				CLANG_WARN_BOOL_CONVERSION = YES;
				CLANG_WARN_COMMA = YES;
				CLANG_WARN_CONSTANT_CONVERSION = YES;
				CLANG_WARN_DEPRECATED_OBJC_IMPLEMENTATIONS = YES;
				CLANG_WARN_DIRECT_OBJC_ISA_USAGE = YES_ERROR;
				CLANG_WARN_DOCUMENTATION_COMMENTS = YES;
				CLANG_WARN_EMPTY_BODY = YES;
				CLANG_WARN_ENUM_CONVERSION = YES;
				CLANG_WARN_INFINITE_RECURSION = YES;
				CLANG_WARN_INT_CONVERSION = YES;
				CLANG_WARN_NON_LITERAL_NULL_CONVERSION = YES;
				CLANG_WARN_OBJC_IMPLICIT_RETAIN_SELF = YES;
				CLANG_WARN_OBJC_LITERAL_CONVERSION = YES;
				CLANG_WARN_OBJC_ROOT_CLASS = YES_ERROR;
				CLANG_WARN_QUOTED_INCLUDE_IN_FRAMEWORK_HEADER = YES;
				CLANG_WARN_RANGE_LOOP_ANALYSIS = YES;
				CLANG_WARN_STRICT_PROTOTYPES = YES;
				CLANG_WARN_SUSPICIOUS_MOVE = YES;
				CLANG_WARN_UNGUARDED_AVAILABILITY = YES_AGGRESSIVE;
				CLANG_WARN_UNREACHABLE_CODE = YES;
				CLANG_WARN__DUPLICATE_METHOD_MATCH = YES;
				COPY_PHASE_STRIP = NO;
				DEBUG_INFORMATION_FORMAT = "dwarf-with-dsym";
				ENABLE_NS_ASSERTIONS = NO;
				ENABLE_STRICT_OBJC_MSGSEND = YES;
				GCC_C_LANGUAGE_STANDARD = gnu11;
				GCC_NO_COMMON_BLOCKS = YES;
				GCC_WARN_64_TO_32_BIT_CONVERSION = YES;
				GCC_WARN_ABOUT_RETURN_TYPE = YES_ERROR;
				GCC_WARN_UNDECLARED_SELECTOR = YES;
				GCC_WARN_UNINITIALIZED_AUTOS = YES_AGGRESSIVE;
				GCC_WARN_UNUSED_FUNCTION = YES;
				GCC_WARN_UNUSED_VARIABLE = YES;
				IPHONEOS_DEPLOYMENT_TARGET = 16.4;
				MTL_ENABLE_DEBUG_INFO = NO;
				MTL_FAST_MATH = YES;
				SDKROOT = iphoneos;
				SWIFT_COMPILATION_MODE = wholemodule;
				SWIFT_OPTIMIZATION_LEVEL = "-O";
				VALIDATE_PRODUCT = YES;
			};
			name = Release;
		};
		4E3D87732A7103DE00BD7AF7 /* Debug */ = {
			isa = XCBuildConfiguration;
			buildSettings = {
				ASSETCATALOG_COMPILER_APPICON_NAME = AppIcon;
				ASSETCATALOG_COMPILER_GLOBAL_ACCENT_COLOR_NAME = AccentColor;
				CODE_SIGN_STYLE = Automatic;
				CURRENT_PROJECT_VERSION = 1;
				DEVELOPMENT_TEAM = QM9L2SD236;
				GENERATE_INFOPLIST_FILE = YES;
				INFOPLIST_FILE = DefineX/Info.plist;
				INFOPLIST_KEY_UIApplicationSupportsIndirectInputEvents = YES;
				INFOPLIST_KEY_UILaunchStoryboardName = LaunchScreen;
				INFOPLIST_KEY_UIMainStoryboardFile = Main;
				INFOPLIST_KEY_UISupportedInterfaceOrientations_iPad = "UIInterfaceOrientationPortrait UIInterfaceOrientationPortraitUpsideDown UIInterfaceOrientationLandscapeLeft UIInterfaceOrientationLandscapeRight";
				INFOPLIST_KEY_UISupportedInterfaceOrientations_iPhone = "UIInterfaceOrientationPortrait UIInterfaceOrientationLandscapeLeft UIInterfaceOrientationLandscapeRight";
				LD_RUNPATH_SEARCH_PATHS = (
					"$(inherited)",
					"@executable_path/Frameworks",
				);
				MARKETING_VERSION = 1.0;
				PRODUCT_BUNDLE_IDENTIFIER = DefineX.DefineX;
				PRODUCT_NAME = "$(TARGET_NAME)";
				SWIFT_EMIT_LOC_STRINGS = YES;
				SWIFT_VERSION = 5.0;
				TARGETED_DEVICE_FAMILY = "1,2";
			};
			name = Debug;
		};
		4E3D87742A7103DE00BD7AF7 /* Release */ = {
			isa = XCBuildConfiguration;
			buildSettings = {
				ASSETCATALOG_COMPILER_APPICON_NAME = AppIcon;
				ASSETCATALOG_COMPILER_GLOBAL_ACCENT_COLOR_NAME = AccentColor;
				CODE_SIGN_STYLE = Automatic;
				CURRENT_PROJECT_VERSION = 1;
				DEVELOPMENT_TEAM = QM9L2SD236;
				GENERATE_INFOPLIST_FILE = YES;
				INFOPLIST_FILE = DefineX/Info.plist;
				INFOPLIST_KEY_UIApplicationSupportsIndirectInputEvents = YES;
				INFOPLIST_KEY_UILaunchStoryboardName = LaunchScreen;
				INFOPLIST_KEY_UIMainStoryboardFile = Main;
				INFOPLIST_KEY_UISupportedInterfaceOrientations_iPad = "UIInterfaceOrientationPortrait UIInterfaceOrientationPortraitUpsideDown UIInterfaceOrientationLandscapeLeft UIInterfaceOrientationLandscapeRight";
				INFOPLIST_KEY_UISupportedInterfaceOrientations_iPhone = "UIInterfaceOrientationPortrait UIInterfaceOrientationLandscapeLeft UIInterfaceOrientationLandscapeRight";
				LD_RUNPATH_SEARCH_PATHS = (
					"$(inherited)",
					"@executable_path/Frameworks",
				);
				MARKETING_VERSION = 1.0;
				PRODUCT_BUNDLE_IDENTIFIER = DefineX.DefineX;
				PRODUCT_NAME = "$(TARGET_NAME)";
				SWIFT_EMIT_LOC_STRINGS = YES;
				SWIFT_VERSION = 5.0;
				TARGETED_DEVICE_FAMILY = "1,2";
			};
			name = Release;
		};
		4E3D87762A7103DE00BD7AF7 /* Debug */ = {
			isa = XCBuildConfiguration;
			buildSettings = {
				ALWAYS_EMBED_SWIFT_STANDARD_LIBRARIES = YES;
				BUNDLE_LOADER = "$(TEST_HOST)";
				CODE_SIGN_STYLE = Automatic;
				CURRENT_PROJECT_VERSION = 1;
				GENERATE_INFOPLIST_FILE = YES;
				IPHONEOS_DEPLOYMENT_TARGET = 16.4;
				MARKETING_VERSION = 1.0;
				PRODUCT_BUNDLE_IDENTIFIER = DefineX.DefineXTests;
				PRODUCT_NAME = "$(TARGET_NAME)";
				SWIFT_EMIT_LOC_STRINGS = NO;
				SWIFT_VERSION = 5.0;
				TARGETED_DEVICE_FAMILY = "1,2";
				TEST_HOST = "$(BUILT_PRODUCTS_DIR)/DefineX.app/$(BUNDLE_EXECUTABLE_FOLDER_PATH)/DefineX";
			};
			name = Debug;
		};
		4E3D87772A7103DE00BD7AF7 /* Release */ = {
			isa = XCBuildConfiguration;
			buildSettings = {
				ALWAYS_EMBED_SWIFT_STANDARD_LIBRARIES = YES;
				BUNDLE_LOADER = "$(TEST_HOST)";
				CODE_SIGN_STYLE = Automatic;
				CURRENT_PROJECT_VERSION = 1;
				GENERATE_INFOPLIST_FILE = YES;
				IPHONEOS_DEPLOYMENT_TARGET = 16.4;
				MARKETING_VERSION = 1.0;
				PRODUCT_BUNDLE_IDENTIFIER = DefineX.DefineXTests;
				PRODUCT_NAME = "$(TARGET_NAME)";
				SWIFT_EMIT_LOC_STRINGS = NO;
				SWIFT_VERSION = 5.0;
				TARGETED_DEVICE_FAMILY = "1,2";
				TEST_HOST = "$(BUILT_PRODUCTS_DIR)/DefineX.app/$(BUNDLE_EXECUTABLE_FOLDER_PATH)/DefineX";
			};
			name = Release;
		};
		4E3D87792A7103DE00BD7AF7 /* Debug */ = {
			isa = XCBuildConfiguration;
			buildSettings = {
				ALWAYS_EMBED_SWIFT_STANDARD_LIBRARIES = YES;
				CODE_SIGN_STYLE = Automatic;
				CURRENT_PROJECT_VERSION = 1;
				GENERATE_INFOPLIST_FILE = YES;
				MARKETING_VERSION = 1.0;
				PRODUCT_BUNDLE_IDENTIFIER = DefineX.DefineXUITests;
				PRODUCT_NAME = "$(TARGET_NAME)";
				SWIFT_EMIT_LOC_STRINGS = NO;
				SWIFT_VERSION = 5.0;
				TARGETED_DEVICE_FAMILY = "1,2";
				TEST_TARGET_NAME = DefineX;
			};
			name = Debug;
		};
		4E3D877A2A7103DE00BD7AF7 /* Release */ = {
			isa = XCBuildConfiguration;
			buildSettings = {
				ALWAYS_EMBED_SWIFT_STANDARD_LIBRARIES = YES;
				CODE_SIGN_STYLE = Automatic;
				CURRENT_PROJECT_VERSION = 1;
				GENERATE_INFOPLIST_FILE = YES;
				MARKETING_VERSION = 1.0;
				PRODUCT_BUNDLE_IDENTIFIER = DefineX.DefineXUITests;
				PRODUCT_NAME = "$(TARGET_NAME)";
				SWIFT_EMIT_LOC_STRINGS = NO;
				SWIFT_VERSION = 5.0;
				TARGETED_DEVICE_FAMILY = "1,2";
				TEST_TARGET_NAME = DefineX;
			};
			name = Release;
		};
/* End XCBuildConfiguration section */

/* Begin XCConfigurationList section */
		4E3D87432A7103DD00BD7AF7 /* Build configuration list for PBXProject "DefineX" */ = {
			isa = XCConfigurationList;
			buildConfigurations = (
				4E3D87702A7103DE00BD7AF7 /* Debug */,
				4E3D87712A7103DE00BD7AF7 /* Release */,
			);
			defaultConfigurationIsVisible = 0;
			defaultConfigurationName = Release;
		};
		4E3D87722A7103DE00BD7AF7 /* Build configuration list for PBXNativeTarget "DefineX" */ = {
			isa = XCConfigurationList;
			buildConfigurations = (
				4E3D87732A7103DE00BD7AF7 /* Debug */,
				4E3D87742A7103DE00BD7AF7 /* Release */,
			);
			defaultConfigurationIsVisible = 0;
			defaultConfigurationName = Release;
		};
		4E3D87752A7103DE00BD7AF7 /* Build configuration list for PBXNativeTarget "DefineXTests" */ = {
			isa = XCConfigurationList;
			buildConfigurations = (
				4E3D87762A7103DE00BD7AF7 /* Debug */,
				4E3D87772A7103DE00BD7AF7 /* Release */,
			);
			defaultConfigurationIsVisible = 0;
			defaultConfigurationName = Release;
		};
		4E3D87782A7103DE00BD7AF7 /* Build configuration list for PBXNativeTarget "DefineXUITests" */ = {
			isa = XCConfigurationList;
			buildConfigurations = (
				4E3D87792A7103DE00BD7AF7 /* Debug */,
				4E3D877A2A7103DE00BD7AF7 /* Release */,
			);
			defaultConfigurationIsVisible = 0;
			defaultConfigurationName = Release;
		};
/* End XCConfigurationList section */

/* Begin XCRemoteSwiftPackageReference section */
		4E2FA5412A76D6D50005CCAD /* XCRemoteSwiftPackageReference "Alamofire" */ = {
			isa = XCRemoteSwiftPackageReference;
			repositoryURL = "https://github.com/Alamofire/Alamofire";
			requirement = {
				kind = upToNextMajorVersion;
				minimumVersion = 5.0.0;
			};
		};
		4E6C02232A71137E00AD8CB1 /* XCRemoteSwiftPackageReference "SnapKit" */ = {
			isa = XCRemoteSwiftPackageReference;
			repositoryURL = "https://github.com/SnapKit/SnapKit";
			requirement = {
				kind = upToNextMajorVersion;
				minimumVersion = 5.0.0;
			};
		};
		4E6C02262A71150600AD8CB1 /* XCRemoteSwiftPackageReference "SkyFloatingLabelTextField" */ = {
			isa = XCRemoteSwiftPackageReference;
			repositoryURL = "https://github.com/Skyscanner/SkyFloatingLabelTextField";
			requirement = {
				kind = upToNextMajorVersion;
				minimumVersion = 4.0.0;
			};
		};
		4EFB77942A772F09003EB35B /* XCRemoteSwiftPackageReference "SDWebImage" */ = {
			isa = XCRemoteSwiftPackageReference;
			repositoryURL = "https://github.com/SDWebImage/SDWebImage";
			requirement = {
				kind = upToNextMajorVersion;
				minimumVersion = 5.0.0;
			};
		};
/* End XCRemoteSwiftPackageReference section */

/* Begin XCSwiftPackageProductDependency section */
		4E2FA5422A76D6D50005CCAD /* Alamofire */ = {
			isa = XCSwiftPackageProductDependency;
			package = 4E2FA5412A76D6D50005CCAD /* XCRemoteSwiftPackageReference "Alamofire" */;
			productName = Alamofire;
		};
		4E6C02242A71137E00AD8CB1 /* SnapKit */ = {
			isa = XCSwiftPackageProductDependency;
			package = 4E6C02232A71137E00AD8CB1 /* XCRemoteSwiftPackageReference "SnapKit" */;
			productName = SnapKit;
		};
		4E6C02272A71150600AD8CB1 /* SkyFloatingLabelTextField */ = {
			isa = XCSwiftPackageProductDependency;
			package = 4E6C02262A71150600AD8CB1 /* XCRemoteSwiftPackageReference "SkyFloatingLabelTextField" */;
			productName = SkyFloatingLabelTextField;
		};
		4EFB77952A772F09003EB35B /* SDWebImage */ = {
			isa = XCSwiftPackageProductDependency;
			package = 4EFB77942A772F09003EB35B /* XCRemoteSwiftPackageReference "SDWebImage" */;
			productName = SDWebImage;
		};
/* End XCSwiftPackageProductDependency section */
	};
	rootObject = 4E3D87402A7103DD00BD7AF7 /* Project object */;
}
